# -------------------------------------------------------------------------- #
#
# Copyright (C) 1991-2013 Altera Corporation
# Your use of Altera Corporation's design tools, logic functions 
# and other software and tools, and its AMPP partner logic 
# functions, and any output files from any of the foregoing 
# (including device programming or simulation files), and any 
# associated documentation or information are expressly subject 
# to the terms and conditions of the Altera Program License 
# Subscription Agreement, Altera MegaCore Function License 
# Agreement, or other applicable license agreement, including, 
# without limitation, that your use is for the sole purpose of 
# programming logic devices manufactured by Altera and sold by 
# Altera or its authorized distributors.  Please refer to the 
# applicable agreement for further details.
#
# -------------------------------------------------------------------------- #
#
# Quartus II 64-Bit
# Version 13.0.0 Build 156 04/24/2013 SJ Web Edition
# Date created = 14:57:06  June 16, 2018
#
# -------------------------------------------------------------------------- #
#
# Notes:
#
# 1) The default values for assignments are stored in the file:
#		LCDcontroller_assignment_defaults.qdf
#    If this file doesn't exist, see file:
#		assignment_defaults.qdf
#
# 2) Altera recommends that you do not modify this file. This
#    file is updated automatically by the Quartus II software
#    and any changes you make may be lost or overwritten.
#
# -------------------------------------------------------------------------- #


set_global_assignment -name FAMILY "Cyclone II"
set_global_assignment -name DEVICE EP2C35F672C6
set_global_assignment -name TOP_LEVEL_ENTITY lcdController
set_global_assignment -name ORIGINAL_QUARTUS_VERSION 13.0
set_global_assignment -name PROJECT_CREATION_TIME_DATE "14:57:06  JUNE 16, 2018"
set_global_assignment -name LAST_QUARTUS_VERSION 13.0
set_global_assignment -name PROJECT_OUTPUT_DIRECTORY output_files
set_global_assignment -name MIN_CORE_JUNCTION_TEMP 0
set_global_assignment -name MAX_CORE_JUNCTION_TEMP 85
set_global_assignment -name ERROR_CHECK_FREQUENCY_DIVISOR 1
set_global_assignment -name EDA_SIMULATION_TOOL "ModelSim-Altera (VHDL)"
set_global_assignment -name EDA_OUTPUT_DATA_FORMAT VHDL -section_id eda_simulation
set_global_assignment -name POWER_PRESET_COOLING_SOLUTION "23 MM HEAT SINK WITH 200 LFPM AIRFLOW"
set_global_assignment -name POWER_BOARD_THERMAL_MODEL "NONE (CONSERVATIVE)"
set_global_assignment -name STRATIX_DEVICE_IO_STANDARD "3.3-V LVTTL"
set_location_assignment PIN_N2 -to clk
set_location_assignment PIN_AE23 -to errorLed
set_location_assignment PIN_H3 -to lcdBus[7]
set_location_assignment PIN_H4 -to lcdBus[6]
set_location_assignment PIN_J3 -to lcdBus[5]
set_location_assignment PIN_J4 -to lcdBus[4]
set_location_assignment PIN_H2 -to lcdBus[3]
set_location_assignment PIN_H1 -to lcdBus[2]
set_location_assignment PIN_J2 -to lcdBus[1]
set_location_assignment PIN_J1 -to lcdBus[0]
set_location_assignment PIN_K3 -to lcdEnableOut
set_location_assignment PIN_V2 -to lcdOnIn
set_location_assignment PIN_L4 -to lcdOnOut
set_location_assignment PIN_K4 -to lcdReadWriteSel
set_location_assignment PIN_K1 -to lcdRsSelect
set_global_assignment -name PARTITION_NETLIST_TYPE SOURCE -section_id Top
set_global_assignment -name PARTITION_FITTER_PRESERVATION_LEVEL PLACEMENT_AND_ROUTING -section_id Top
set_global_assignment -name PARTITION_COLOR 16764057 -section_id Top
<<<<<<< HEAD
set_global_assignment -name STRATIX_DEVICE_IO_STANDARD "3.3-V LVTTL"
=======
set_location_assignment PIN_N25 -to charCode[0]
set_location_assignment PIN_N26 -to charCode[1]
set_location_assignment PIN_P25 -to charCode[2]
set_location_assignment PIN_AE14 -to charCode[3]
set_location_assignment PIN_AF14 -to charCode[4]
set_location_assignment PIN_AD13 -to charCode[5]
set_location_assignment PIN_AC13 -to charCode[6]
set_location_assignment PIN_C13 -to charCode[7]
set_location_assignment PIN_P2 -to writeAddr[4]
set_location_assignment PIN_B13 -to writeAddr[0]
set_location_assignment PIN_A13 -to writeAddr[1]
set_location_assignment PIN_N1 -to writeAddr[2]
set_location_assignment PIN_P1 -to writeAddr[3]
set_location_assignment PIN_G26 -to writeEnable
set_global_assignment -name SDC_FILE ../source/LCDcontroller.sdc
set_global_assignment -name VERILOG_FILE ../source/lcdController.v
>>>>>>> 216d4b2a943b65d61a996758fb30b1ac3cce30d8
set_instance_assignment -name PARTITION_HIERARCHY root_partition -to | -section_id Top